{
  "nodes": {
    "flakeNimbleLib": {
      "inputs": {
        "nixpkgs": [
          "nixpkgs"
        ]
      },
      "locked": {
        "lastModified": 1662018438,
        "narHash": "sha256-QtNtU6+LX3Wokxf0zlFwKTFOcn6TeDjKQZ+DA9OYtvM=",
        "owner": "riinr",
        "repo": "nim-flakes-lib",
        "rev": "b1fe8340736e3a85d25c709ac3dfd82a55c03cbf",
        "type": "github"
      },
      "original": {
        "owner": "riinr",
        "ref": "master",
        "repo": "nim-flakes-lib",
        "type": "github"
      }
    },
    "nixpkgs": {
      "locked": {
        "lastModified": 1667110639,
        "narHash": "sha256-4FbPESZ5LbqQxkJJJBAfk/zKgF9h/4kyUwjjpJwYlbc=",
        "owner": "NixOS",
        "repo": "nixpkgs",
        "rev": "f38a1f04d1bec1feb61fd101a0539ae2002a7087",
        "type": "github"
      },
      "original": {
        "id": "nixpkgs",
        "type": "indirect"
      }
    },
    "randpw-master": {
      "inputs": {
        "flakeNimbleLib": [
          "flakeNimbleLib"
        ],
        "nixpkgs": [
          "nixpkgs"
        ],
        "src-randpw-master": "src-randpw-master"
      },
      "locked": {
        "dir": "master",
        "lastModified": 1662254775,
        "narHash": "sha256-Bm0/obs5fajwphu4IZ4LagofELrh3MWtC+7dWUIcSOw=",
        "owner": "nim-nix-pkgs",
        "repo": "randpw",
        "rev": "dc47f442aaca5844a57200590c132fc568406e77",
        "type": "github"
      },
      "original": {
        "dir": "master",
        "owner": "nim-nix-pkgs",
        "ref": "master",
        "repo": "randpw",
        "type": "github"
      }
    },
    "randpw-v1_0_0": {
      "inputs": {
        "flakeNimbleLib": [
          "flakeNimbleLib"
        ],
        "nixpkgs": [
          "nixpkgs"
        ],
        "src-randpw-v1_0_0": "src-randpw-v1_0_0"
      },
      "locked": {
        "dir": "v1_0_0",
        "lastModified": 1662254775,
        "narHash": "sha256-Bm0/obs5fajwphu4IZ4LagofELrh3MWtC+7dWUIcSOw=",
        "owner": "nim-nix-pkgs",
        "repo": "randpw",
        "rev": "dc47f442aaca5844a57200590c132fc568406e77",
        "type": "github"
      },
      "original": {
        "dir": "v1_0_0",
        "owner": "nim-nix-pkgs",
        "ref": "master",
        "repo": "randpw",
        "type": "github"
      }
    },
    "root": {
      "inputs": {
        "flakeNimbleLib": "flakeNimbleLib",
        "nixpkgs": "nixpkgs",
        "randpw-master": "randpw-master",
        "randpw-v1_0_0": "randpw-v1_0_0"
      }
    },
    "src-randpw-master": {
      "flake": false,
      "locked": {
        "lastModified": 1584229107,
        "narHash": "sha256-aLOxc8ldhZmUROpdtwuGWRsyuxWGELP0Vfz1ByRXCDk=",
        "owner": "pdrb",
        "repo": "nim-randpw",
        "rev": "8c0fc75a3ea6d62cba0ab57180aabfb8e625f9b9",
        "type": "github"
      },
      "original": {
        "owner": "pdrb",
        "ref": "refs/heads/master",
        "repo": "nim-randpw",
        "type": "github"
      }
    },
    "src-randpw-v1_0_0": {
      "flake": false,
      "locked": {
        "lastModified": 1570591313,
        "narHash": "sha256-kYvtnet6wmSiu7KQrszGFRoIVmUG6JgefnxRDPD9qTg=",
        "owner": "pdrb",
        "repo": "nim-randpw",
        "rev": "314f8256e56e3026ae803de231507776adc81443",
        "type": "github"
      },
      "original": {
        "owner": "pdrb",
        "ref": "refs/tags/v1.0.0",
        "repo": "nim-randpw",
        "type": "github"
      }
    }
  },
  "root": "root",
  "version": 7
}
