{
  "nodes": {
    "flakeNimbleLib": {
      "inputs": {
        "nixpkgs": [
          "nixpkgs"
        ]
      },
      "locked": {
        "lastModified": 1662018438,
        "narHash": "sha256-QtNtU6+LX3Wokxf0zlFwKTFOcn6TeDjKQZ+DA9OYtvM=",
        "owner": "riinr",
        "repo": "nim-flakes-lib",
        "rev": "b1fe8340736e3a85d25c709ac3dfd82a55c03cbf",
        "type": "github"
      },
      "original": {
        "owner": "riinr",
        "ref": "master",
        "repo": "nim-flakes-lib",
        "type": "github"
      }
    },
    "nixpkgs": {
      "locked": {
        "lastModified": 1667199707,
        "narHash": "sha256-I2Js3Y7gUyVSEXPULHlBoRek4Lh85vnevdS6mdvDNLI=",
        "owner": "NixOS",
        "repo": "nixpkgs",
        "rev": "ced197be72099edcfa68ebed8b87af7b04851f45",
        "type": "github"
      },
      "original": {
        "id": "nixpkgs",
        "type": "indirect"
      }
    },
    "root": {
      "inputs": {
        "flakeNimbleLib": "flakeNimbleLib",
        "nixpkgs": "nixpkgs",
        "src-randpw-master": "src-randpw-master"
      }
    },
    "src-randpw-master": {
      "flake": false,
      "locked": {
        "lastModified": 1584229107,
        "narHash": "sha256-aLOxc8ldhZmUROpdtwuGWRsyuxWGELP0Vfz1ByRXCDk=",
        "owner": "pdrb",
        "repo": "nim-randpw",
        "rev": "8c0fc75a3ea6d62cba0ab57180aabfb8e625f9b9",
        "type": "github"
      },
      "original": {
        "owner": "pdrb",
        "ref": "refs/heads/master",
        "repo": "nim-randpw",
        "type": "github"
      }
    }
  },
  "root": "root",
  "version": 7
}
